
Microsoft Visual Studio Solution File, Format Version 12.00
# Visual Studio Version 17
VisualStudioVersion = 17.11.35327.3
MinimumVisualStudioVersion = 10.0.40219.1
Project("{FAE04EC0-301F-11D3-BF4B-00C04F79EFBC}") = "comparatore", "comparatore\comparatore.csproj", "{77C9A2A0-57C1-44EB-96F5-037C733ADC9D}"
EndProject
Global
	GlobalSection(SolutionConfigurationPlatforms) = preSolution
		Debug|Any CPU = Debug|Any CPU
		Release|Any CPU = Release|Any CPU
	EndGlobalSection
	GlobalSection(ProjectConfigurationPlatforms) = postSolution
		{77C9A2A0-57C1-44EB-96F5-037C733ADC9D}.Debug|Any CPU.ActiveCfg = Debug|Any CPU
		{77C9A2A0-57C1-44EB-96F5-037C733ADC9D}.Debug|Any CPU.Build.0 = Debug|Any CPU
		{77C9A2A0-57C1-44EB-96F5-037C733ADC9D}.Release|Any CPU.ActiveCfg = Release|Any CPU
		{77C9A2A0-57C1-44EB-96F5-037C733ADC9D}.Release|Any CPU.Build.0 = Release|Any CPU
	EndGlobalSection
	GlobalSection(SolutionProperties) = preSolution
		HideSolutionNode = FALSE
	EndGlobalSection
	GlobalSection(ExtensibilityGlobals) = postSolution
		SolutionGuid = {259B467F-DDFB-4E6D-A3EC-00016DFD6E71}
	EndGlobalSection
EndGlobal
